
Microsoft Visual Studio Solution File, Format Version 12.00
# Visual Studio 2013
VisualStudioVersion = 12.0.30723.0
MinimumVisualStudioVersion = 10.0.40219.1
Project("{E24C65DC-7377-472B-9ABA-BC803B73C61A}") = "BookTime", "http://localhost:14446", "{1F044567-B923-4242-AF60-D39CEB25FE3C}"
	ProjectSection(WebsiteProperties) = preProject
		UseIISExpress = "true"
		TargetFrameworkMoniker = ".NETFramework,Version%3Dv4.0"
		Debug.AspNetCompiler.VirtualPath = "/localhost_14446"
		Debug.AspNetCompiler.PhysicalPath = "..\..\BookTime\"
		Debug.AspNetCompiler.TargetPath = "PrecompiledWeb\localhost_14446\"
		Debug.AspNetCompiler.Updateable = "true"
		Debug.AspNetCompiler.ForceOverwrite = "true"
		Debug.AspNetCompiler.FixedNames = "false"
		Debug.AspNetCompiler.Debug = "True"
		Release.AspNetCompiler.VirtualPath = "/localhost_14446"
		Release.AspNetCompiler.PhysicalPath = "..\..\BookTime\"
		Release.AspNetCompiler.TargetPath = "PrecompiledWeb\localhost_14446\"
		Release.AspNetCompiler.Updateable = "true"
		Release.AspNetCompiler.ForceOverwrite = "true"
		Release.AspNetCompiler.FixedNames = "false"
		Release.AspNetCompiler.Debug = "False"
		SlnRelativePath = "..\..\BookTime\"
	EndProjectSection
EndProject
Project("{E24C65DC-7377-472B-9ABA-BC803B73C61A}") = "CokeWeb", "http://localhost:13060", "{B248C4E2-6FFB-46A7-9A18-D8193AD388A4}"
	ProjectSection(WebsiteProperties) = preProject
		UseIISExpress = "true"
		TargetFrameworkMoniker = ".NETFramework,Version%3Dv4.0"
		Debug.AspNetCompiler.VirtualPath = "/localhost_13060"
		Debug.AspNetCompiler.PhysicalPath = "..\MEAN\public\"
		Debug.AspNetCompiler.TargetPath = "PrecompiledWeb\localhost_13060\"
		Debug.AspNetCompiler.Updateable = "true"
		Debug.AspNetCompiler.ForceOverwrite = "true"
		Debug.AspNetCompiler.FixedNames = "false"
		Debug.AspNetCompiler.Debug = "True"
		Release.AspNetCompiler.VirtualPath = "/localhost_13060"
		Release.AspNetCompiler.PhysicalPath = "..\MEAN\public\"
		Release.AspNetCompiler.TargetPath = "PrecompiledWeb\localhost_13060\"
		Release.AspNetCompiler.Updateable = "true"
		Release.AspNetCompiler.ForceOverwrite = "true"
		Release.AspNetCompiler.FixedNames = "false"
		Release.AspNetCompiler.Debug = "False"
		SlnRelativePath = "..\MEAN\public\"
	EndProjectSection
EndProject
Project("{2150E333-8FDC-42A3-9474-1A3956D46DE8}") = "Solution Items", "Solution Items", "{C30A9F6E-1CC3-4EBC-B61E-EBBEB0DC587B}"
EndProject
Project("{E24C65DC-7377-472B-9ABA-BC803B73C61A}") = "www(2)", "http://localhost:24229", "{3285DF64-8E59-407A-9560-957F2B665CFB}"
	ProjectSection(WebsiteProperties) = preProject
		UseIISExpress = "true"
		TargetFrameworkMoniker = ".NETFramework,Version%3Dv4.0"
		Debug.AspNetCompiler.VirtualPath = "/localhost_24229"
		Debug.AspNetCompiler.PhysicalPath = "..\..\..\test\myApp3\www\"
		Debug.AspNetCompiler.TargetPath = "PrecompiledWeb\localhost_24229\"
		Debug.AspNetCompiler.Updateable = "true"
		Debug.AspNetCompiler.ForceOverwrite = "true"
		Debug.AspNetCompiler.FixedNames = "false"
		Debug.AspNetCompiler.Debug = "True"
		Release.AspNetCompiler.VirtualPath = "/localhost_24229"
		Release.AspNetCompiler.PhysicalPath = "..\..\..\test\myApp3\www\"
		Release.AspNetCompiler.TargetPath = "PrecompiledWeb\localhost_24229\"
		Release.AspNetCompiler.Updateable = "true"
		Release.AspNetCompiler.ForceOverwrite = "true"
		Release.AspNetCompiler.FixedNames = "false"
		Release.AspNetCompiler.Debug = "False"
		SlnRelativePath = "..\..\..\test\myApp3\www\"
	EndProjectSection
EndProject
Project("{E24C65DC-7377-472B-9ABA-BC803B73C61A}") = "www(3)", "http://localhost:25183", "{AAFF3B45-D8CE-4A47-A3A1-BAB9B734D379}"
	ProjectSection(WebsiteProperties) = preProject
		UseIISExpress = "true"
		TargetFrameworkMoniker = ".NETFramework,Version%3Dv4.0"
		Debug.AspNetCompiler.VirtualPath = "/localhost_25183"
		Debug.AspNetCompiler.PhysicalPath = "..\..\..\test\myApp4\www\"
		Debug.AspNetCompiler.TargetPath = "PrecompiledWeb\localhost_25183\"
		Debug.AspNetCompiler.Updateable = "true"
		Debug.AspNetCompiler.ForceOverwrite = "true"
		Debug.AspNetCompiler.FixedNames = "false"
		Debug.AspNetCompiler.Debug = "True"
		Release.AspNetCompiler.VirtualPath = "/localhost_25183"
		Release.AspNetCompiler.PhysicalPath = "..\..\..\test\myApp4\www\"
		Release.AspNetCompiler.TargetPath = "PrecompiledWeb\localhost_25183\"
		Release.AspNetCompiler.Updateable = "true"
		Release.AspNetCompiler.ForceOverwrite = "true"
		Release.AspNetCompiler.FixedNames = "false"
		Release.AspNetCompiler.Debug = "False"
		SlnRelativePath = "..\..\..\test\myApp4\www\"
	EndProjectSection
EndProject
Project("{E24C65DC-7377-472B-9ABA-BC803B73C61A}") = "www(4)", "http://localhost:43542", "{C15406CF-C211-4B2A-A460-F86F61D8E191}"
	ProjectSection(WebsiteProperties) = preProject
		UseIISExpress = "true"
		TargetFrameworkMoniker = ".NETFramework,Version%3Dv4.0"
		Debug.AspNetCompiler.VirtualPath = "/localhost_43542"
		Debug.AspNetCompiler.PhysicalPath = "..\..\..\ionic\ionic-tutorial-status-fade\www\"
		Debug.AspNetCompiler.TargetPath = "PrecompiledWeb\localhost_43542\"
		Debug.AspNetCompiler.Updateable = "true"
		Debug.AspNetCompiler.ForceOverwrite = "true"
		Debug.AspNetCompiler.FixedNames = "false"
		Debug.AspNetCompiler.Debug = "True"
		Release.AspNetCompiler.VirtualPath = "/localhost_43542"
		Release.AspNetCompiler.PhysicalPath = "..\..\..\ionic\ionic-tutorial-status-fade\www\"
		Release.AspNetCompiler.TargetPath = "PrecompiledWeb\localhost_43542\"
		Release.AspNetCompiler.Updateable = "true"
		Release.AspNetCompiler.ForceOverwrite = "true"
		Release.AspNetCompiler.FixedNames = "false"
		Release.AspNetCompiler.Debug = "False"
		SlnRelativePath = "..\..\..\ionic\ionic-tutorial-status-fade\www\"
	EndProjectSection
EndProject
Global
	GlobalSection(SolutionConfigurationPlatforms) = preSolution
		Debug|Android = Debug|Android
		Debug|Any CPU = Debug|Any CPU
		Debug|iOS = Debug|iOS
		Debug|Mixed Platforms = Debug|Mixed Platforms
		Debug|Windows Phone = Debug|Windows Phone
		Debug|Windows-AnyCPU = Debug|Windows-AnyCPU
		Debug|Windows-ARM = Debug|Windows-ARM
		Debug|Windows-x64 = Debug|Windows-x64
		Debug|Windows-x86 = Debug|Windows-x86
		Distribution|Android = Distribution|Android
		Distribution|Any CPU = Distribution|Any CPU
		Distribution|iOS = Distribution|iOS
		Distribution|Mixed Platforms = Distribution|Mixed Platforms
		Distribution|Windows Phone = Distribution|Windows Phone
		Distribution|Windows-AnyCPU = Distribution|Windows-AnyCPU
		Distribution|Windows-ARM = Distribution|Windows-ARM
		Distribution|Windows-x64 = Distribution|Windows-x64
		Distribution|Windows-x86 = Distribution|Windows-x86
		Release|Android = Release|Android
		Release|Any CPU = Release|Any CPU
		Release|iOS = Release|iOS
		Release|Mixed Platforms = Release|Mixed Platforms
		Release|Windows Phone = Release|Windows Phone
		Release|Windows-AnyCPU = Release|Windows-AnyCPU
		Release|Windows-ARM = Release|Windows-ARM
		Release|Windows-x64 = Release|Windows-x64
		Release|Windows-x86 = Release|Windows-x86
	EndGlobalSection
	GlobalSection(ProjectConfigurationPlatforms) = postSolution
		{1F044567-B923-4242-AF60-D39CEB25FE3C}.Debug|Android.ActiveCfg = Debug|Any CPU
		{1F044567-B923-4242-AF60-D39CEB25FE3C}.Debug|Any CPU.ActiveCfg = Debug|Any CPU
		{1F044567-B923-4242-AF60-D39CEB25FE3C}.Debug|Any CPU.Build.0 = Debug|Any CPU
		{1F044567-B923-4242-AF60-D39CEB25FE3C}.Debug|iOS.ActiveCfg = Debug|Any CPU
		{1F044567-B923-4242-AF60-D39CEB25FE3C}.Debug|Mixed Platforms.ActiveCfg = Debug|Any CPU
		{1F044567-B923-4242-AF60-D39CEB25FE3C}.Debug|Windows Phone.ActiveCfg = Debug|Any CPU
		{1F044567-B923-4242-AF60-D39CEB25FE3C}.Debug|Windows-AnyCPU.ActiveCfg = Debug|Any CPU
		{1F044567-B923-4242-AF60-D39CEB25FE3C}.Debug|Windows-ARM.ActiveCfg = Debug|Any CPU
		{1F044567-B923-4242-AF60-D39CEB25FE3C}.Debug|Windows-x64.ActiveCfg = Debug|Any CPU
		{1F044567-B923-4242-AF60-D39CEB25FE3C}.Debug|Windows-x86.ActiveCfg = Debug|Any CPU
		{1F044567-B923-4242-AF60-D39CEB25FE3C}.Distribution|Android.ActiveCfg = Debug|Any CPU
		{1F044567-B923-4242-AF60-D39CEB25FE3C}.Distribution|Any CPU.ActiveCfg = Debug|Any CPU
		{1F044567-B923-4242-AF60-D39CEB25FE3C}.Distribution|Any CPU.Build.0 = Debug|Any CPU
		{1F044567-B923-4242-AF60-D39CEB25FE3C}.Distribution|iOS.ActiveCfg = Debug|Any CPU
		{1F044567-B923-4242-AF60-D39CEB25FE3C}.Distribution|Mixed Platforms.ActiveCfg = Debug|Any CPU
		{1F044567-B923-4242-AF60-D39CEB25FE3C}.Distribution|Mixed Platforms.Build.0 = Debug|Any CPU
		{1F044567-B923-4242-AF60-D39CEB25FE3C}.Distribution|Windows Phone.ActiveCfg = Debug|Any CPU
		{1F044567-B923-4242-AF60-D39CEB25FE3C}.Distribution|Windows-AnyCPU.ActiveCfg = Debug|Any CPU
		{1F044567-B923-4242-AF60-D39CEB25FE3C}.Distribution|Windows-ARM.ActiveCfg = Debug|Any CPU
		{1F044567-B923-4242-AF60-D39CEB25FE3C}.Distribution|Windows-x64.ActiveCfg = Debug|Any CPU
		{1F044567-B923-4242-AF60-D39CEB25FE3C}.Distribution|Windows-x86.ActiveCfg = Debug|Any CPU
		{1F044567-B923-4242-AF60-D39CEB25FE3C}.Release|Android.ActiveCfg = Debug|Any CPU
		{1F044567-B923-4242-AF60-D39CEB25FE3C}.Release|Any CPU.ActiveCfg = Debug|Any CPU
		{1F044567-B923-4242-AF60-D39CEB25FE3C}.Release|Any CPU.Build.0 = Debug|Any CPU
		{1F044567-B923-4242-AF60-D39CEB25FE3C}.Release|iOS.ActiveCfg = Debug|Any CPU
		{1F044567-B923-4242-AF60-D39CEB25FE3C}.Release|Mixed Platforms.ActiveCfg = Debug|Any CPU
		{1F044567-B923-4242-AF60-D39CEB25FE3C}.Release|Mixed Platforms.Build.0 = Debug|Any CPU
		{1F044567-B923-4242-AF60-D39CEB25FE3C}.Release|Windows Phone.ActiveCfg = Debug|Any CPU
		{1F044567-B923-4242-AF60-D39CEB25FE3C}.Release|Windows-AnyCPU.ActiveCfg = Debug|Any CPU
		{1F044567-B923-4242-AF60-D39CEB25FE3C}.Release|Windows-ARM.ActiveCfg = Debug|Any CPU
		{1F044567-B923-4242-AF60-D39CEB25FE3C}.Release|Windows-x64.ActiveCfg = Debug|Any CPU
		{1F044567-B923-4242-AF60-D39CEB25FE3C}.Release|Windows-x86.ActiveCfg = Debug|Any CPU
		{B248C4E2-6FFB-46A7-9A18-D8193AD388A4}.Debug|Android.ActiveCfg = Debug|Any CPU
		{B248C4E2-6FFB-46A7-9A18-D8193AD388A4}.Debug|Any CPU.ActiveCfg = Debug|Any CPU
		{B248C4E2-6FFB-46A7-9A18-D8193AD388A4}.Debug|Any CPU.Build.0 = Debug|Any CPU
		{B248C4E2-6FFB-46A7-9A18-D8193AD388A4}.Debug|iOS.ActiveCfg = Debug|Any CPU
		{B248C4E2-6FFB-46A7-9A18-D8193AD388A4}.Debug|Mixed Platforms.ActiveCfg = Debug|Any CPU
		{B248C4E2-6FFB-46A7-9A18-D8193AD388A4}.Debug|Mixed Platforms.Build.0 = Debug|Any CPU
		{B248C4E2-6FFB-46A7-9A18-D8193AD388A4}.Debug|Windows Phone.ActiveCfg = Debug|Any CPU
		{B248C4E2-6FFB-46A7-9A18-D8193AD388A4}.Debug|Windows-AnyCPU.ActiveCfg = Debug|Any CPU
		{B248C4E2-6FFB-46A7-9A18-D8193AD388A4}.Debug|Windows-ARM.ActiveCfg = Debug|Any CPU
		{B248C4E2-6FFB-46A7-9A18-D8193AD388A4}.Debug|Windows-x64.ActiveCfg = Debug|Any CPU
		{B248C4E2-6FFB-46A7-9A18-D8193AD388A4}.Debug|Windows-x86.ActiveCfg = Debug|Any CPU
		{B248C4E2-6FFB-46A7-9A18-D8193AD388A4}.Distribution|Android.ActiveCfg = Debug|Any CPU
		{B248C4E2-6FFB-46A7-9A18-D8193AD388A4}.Distribution|Any CPU.ActiveCfg = Debug|Any CPU
		{B248C4E2-6FFB-46A7-9A18-D8193AD388A4}.Distribution|Any CPU.Build.0 = Debug|Any CPU
		{B248C4E2-6FFB-46A7-9A18-D8193AD388A4}.Distribution|iOS.ActiveCfg = Debug|Any CPU
		{B248C4E2-6FFB-46A7-9A18-D8193AD388A4}.Distribution|Mixed Platforms.ActiveCfg = Debug|Any CPU
		{B248C4E2-6FFB-46A7-9A18-D8193AD388A4}.Distribution|Mixed Platforms.Build.0 = Debug|Any CPU
		{B248C4E2-6FFB-46A7-9A18-D8193AD388A4}.Distribution|Windows Phone.ActiveCfg = Debug|Any CPU
		{B248C4E2-6FFB-46A7-9A18-D8193AD388A4}.Distribution|Windows-AnyCPU.ActiveCfg = Debug|Any CPU
		{B248C4E2-6FFB-46A7-9A18-D8193AD388A4}.Distribution|Windows-ARM.ActiveCfg = Debug|Any CPU
		{B248C4E2-6FFB-46A7-9A18-D8193AD388A4}.Distribution|Windows-x64.ActiveCfg = Debug|Any CPU
		{B248C4E2-6FFB-46A7-9A18-D8193AD388A4}.Distribution|Windows-x86.ActiveCfg = Debug|Any CPU
		{B248C4E2-6FFB-46A7-9A18-D8193AD388A4}.Release|Android.ActiveCfg = Debug|Any CPU
		{B248C4E2-6FFB-46A7-9A18-D8193AD388A4}.Release|Any CPU.ActiveCfg = Debug|Any CPU
		{B248C4E2-6FFB-46A7-9A18-D8193AD388A4}.Release|Any CPU.Build.0 = Debug|Any CPU
		{B248C4E2-6FFB-46A7-9A18-D8193AD388A4}.Release|iOS.ActiveCfg = Debug|Any CPU
		{B248C4E2-6FFB-46A7-9A18-D8193AD388A4}.Release|Mixed Platforms.ActiveCfg = Debug|Any CPU
		{B248C4E2-6FFB-46A7-9A18-D8193AD388A4}.Release|Mixed Platforms.Build.0 = Debug|Any CPU
		{B248C4E2-6FFB-46A7-9A18-D8193AD388A4}.Release|Windows Phone.ActiveCfg = Debug|Any CPU
		{B248C4E2-6FFB-46A7-9A18-D8193AD388A4}.Release|Windows-AnyCPU.ActiveCfg = Debug|Any CPU
		{B248C4E2-6FFB-46A7-9A18-D8193AD388A4}.Release|Windows-ARM.ActiveCfg = Debug|Any CPU
		{B248C4E2-6FFB-46A7-9A18-D8193AD388A4}.Release|Windows-x64.ActiveCfg = Debug|Any CPU
		{B248C4E2-6FFB-46A7-9A18-D8193AD388A4}.Release|Windows-x86.ActiveCfg = Debug|Any CPU
		{3285DF64-8E59-407A-9560-957F2B665CFB}.Debug|Android.ActiveCfg = Debug|Any CPU
		{3285DF64-8E59-407A-9560-957F2B665CFB}.Debug|Any CPU.ActiveCfg = Debug|Any CPU
		{3285DF64-8E59-407A-9560-957F2B665CFB}.Debug|Any CPU.Build.0 = Debug|Any CPU
		{3285DF64-8E59-407A-9560-957F2B665CFB}.Debug|iOS.ActiveCfg = Debug|Any CPU
		{3285DF64-8E59-407A-9560-957F2B665CFB}.Debug|Mixed Platforms.ActiveCfg = Debug|Any CPU
		{3285DF64-8E59-407A-9560-957F2B665CFB}.Debug|Mixed Platforms.Build.0 = Debug|Any CPU
		{3285DF64-8E59-407A-9560-957F2B665CFB}.Debug|Windows Phone.ActiveCfg = Debug|Any CPU
		{3285DF64-8E59-407A-9560-957F2B665CFB}.Debug|Windows-AnyCPU.ActiveCfg = Debug|Any CPU
		{3285DF64-8E59-407A-9560-957F2B665CFB}.Debug|Windows-ARM.ActiveCfg = Debug|Any CPU
		{3285DF64-8E59-407A-9560-957F2B665CFB}.Debug|Windows-x64.ActiveCfg = Debug|Any CPU
		{3285DF64-8E59-407A-9560-957F2B665CFB}.Debug|Windows-x86.ActiveCfg = Debug|Any CPU
		{3285DF64-8E59-407A-9560-957F2B665CFB}.Distribution|Android.ActiveCfg = Debug|Any CPU
		{3285DF64-8E59-407A-9560-957F2B665CFB}.Distribution|Any CPU.ActiveCfg = Debug|Any CPU
		{3285DF64-8E59-407A-9560-957F2B665CFB}.Distribution|Any CPU.Build.0 = Debug|Any CPU
		{3285DF64-8E59-407A-9560-957F2B665CFB}.Distribution|iOS.ActiveCfg = Debug|Any CPU
		{3285DF64-8E59-407A-9560-957F2B665CFB}.Distribution|Mixed Platforms.ActiveCfg = Debug|Any CPU
		{3285DF64-8E59-407A-9560-957F2B665CFB}.Distribution|Mixed Platforms.Build.0 = Debug|Any CPU
		{3285DF64-8E59-407A-9560-957F2B665CFB}.Distribution|Windows Phone.ActiveCfg = Debug|Any CPU
		{3285DF64-8E59-407A-9560-957F2B665CFB}.Distribution|Windows-AnyCPU.ActiveCfg = Debug|Any CPU
		{3285DF64-8E59-407A-9560-957F2B665CFB}.Distribution|Windows-ARM.ActiveCfg = Debug|Any CPU
		{3285DF64-8E59-407A-9560-957F2B665CFB}.Distribution|Windows-x64.ActiveCfg = Debug|Any CPU
		{3285DF64-8E59-407A-9560-957F2B665CFB}.Distribution|Windows-x86.ActiveCfg = Debug|Any CPU
		{3285DF64-8E59-407A-9560-957F2B665CFB}.Release|Android.ActiveCfg = Debug|Any CPU
		{3285DF64-8E59-407A-9560-957F2B665CFB}.Release|Any CPU.ActiveCfg = Debug|Any CPU
		{3285DF64-8E59-407A-9560-957F2B665CFB}.Release|Any CPU.Build.0 = Debug|Any CPU
		{3285DF64-8E59-407A-9560-957F2B665CFB}.Release|iOS.ActiveCfg = Debug|Any CPU
		{3285DF64-8E59-407A-9560-957F2B665CFB}.Release|Mixed Platforms.ActiveCfg = Debug|Any CPU
		{3285DF64-8E59-407A-9560-957F2B665CFB}.Release|Mixed Platforms.Build.0 = Debug|Any CPU
		{3285DF64-8E59-407A-9560-957F2B665CFB}.Release|Windows Phone.ActiveCfg = Debug|Any CPU
		{3285DF64-8E59-407A-9560-957F2B665CFB}.Release|Windows-AnyCPU.ActiveCfg = Debug|Any CPU
		{3285DF64-8E59-407A-9560-957F2B665CFB}.Release|Windows-ARM.ActiveCfg = Debug|Any CPU
		{3285DF64-8E59-407A-9560-957F2B665CFB}.Release|Windows-x64.ActiveCfg = Debug|Any CPU
		{3285DF64-8E59-407A-9560-957F2B665CFB}.Release|Windows-x86.ActiveCfg = Debug|Any CPU
		{AAFF3B45-D8CE-4A47-A3A1-BAB9B734D379}.Debug|Android.ActiveCfg = Debug|Any CPU
		{AAFF3B45-D8CE-4A47-A3A1-BAB9B734D379}.Debug|Any CPU.ActiveCfg = Debug|Any CPU
		{AAFF3B45-D8CE-4A47-A3A1-BAB9B734D379}.Debug|Any CPU.Build.0 = Debug|Any CPU
		{AAFF3B45-D8CE-4A47-A3A1-BAB9B734D379}.Debug|iOS.ActiveCfg = Debug|Any CPU
		{AAFF3B45-D8CE-4A47-A3A1-BAB9B734D379}.Debug|Mixed Platforms.ActiveCfg = Debug|Any CPU
		{AAFF3B45-D8CE-4A47-A3A1-BAB9B734D379}.Debug|Mixed Platforms.Build.0 = Debug|Any CPU
		{AAFF3B45-D8CE-4A47-A3A1-BAB9B734D379}.Debug|Windows Phone.ActiveCfg = Debug|Any CPU
		{AAFF3B45-D8CE-4A47-A3A1-BAB9B734D379}.Debug|Windows-AnyCPU.ActiveCfg = Debug|Any CPU
		{AAFF3B45-D8CE-4A47-A3A1-BAB9B734D379}.Debug|Windows-ARM.ActiveCfg = Debug|Any CPU
		{AAFF3B45-D8CE-4A47-A3A1-BAB9B734D379}.Debug|Windows-x64.ActiveCfg = Debug|Any CPU
		{AAFF3B45-D8CE-4A47-A3A1-BAB9B734D379}.Debug|Windows-x86.ActiveCfg = Debug|Any CPU
		{AAFF3B45-D8CE-4A47-A3A1-BAB9B734D379}.Distribution|Android.ActiveCfg = Debug|Any CPU
		{AAFF3B45-D8CE-4A47-A3A1-BAB9B734D379}.Distribution|Any CPU.ActiveCfg = Debug|Any CPU
		{AAFF3B45-D8CE-4A47-A3A1-BAB9B734D379}.Distribution|Any CPU.Build.0 = Debug|Any CPU
		{AAFF3B45-D8CE-4A47-A3A1-BAB9B734D379}.Distribution|iOS.ActiveCfg = Debug|Any CPU
		{AAFF3B45-D8CE-4A47-A3A1-BAB9B734D379}.Distribution|Mixed Platforms.ActiveCfg = Debug|Any CPU
		{AAFF3B45-D8CE-4A47-A3A1-BAB9B734D379}.Distribution|Mixed Platforms.Build.0 = Debug|Any CPU
		{AAFF3B45-D8CE-4A47-A3A1-BAB9B734D379}.Distribution|Windows Phone.ActiveCfg = Debug|Any CPU
		{AAFF3B45-D8CE-4A47-A3A1-BAB9B734D379}.Distribution|Windows-AnyCPU.ActiveCfg = Debug|Any CPU
		{AAFF3B45-D8CE-4A47-A3A1-BAB9B734D379}.Distribution|Windows-ARM.ActiveCfg = Debug|Any CPU
		{AAFF3B45-D8CE-4A47-A3A1-BAB9B734D379}.Distribution|Windows-x64.ActiveCfg = Debug|Any CPU
		{AAFF3B45-D8CE-4A47-A3A1-BAB9B734D379}.Distribution|Windows-x86.ActiveCfg = Debug|Any CPU
		{AAFF3B45-D8CE-4A47-A3A1-BAB9B734D379}.Release|Android.ActiveCfg = Debug|Any CPU
		{AAFF3B45-D8CE-4A47-A3A1-BAB9B734D379}.Release|Any CPU.ActiveCfg = Debug|Any CPU
		{AAFF3B45-D8CE-4A47-A3A1-BAB9B734D379}.Release|Any CPU.Build.0 = Debug|Any CPU
		{AAFF3B45-D8CE-4A47-A3A1-BAB9B734D379}.Release|iOS.ActiveCfg = Debug|Any CPU
		{AAFF3B45-D8CE-4A47-A3A1-BAB9B734D379}.Release|Mixed Platforms.ActiveCfg = Debug|Any CPU
		{AAFF3B45-D8CE-4A47-A3A1-BAB9B734D379}.Release|Mixed Platforms.Build.0 = Debug|Any CPU
		{AAFF3B45-D8CE-4A47-A3A1-BAB9B734D379}.Release|Windows Phone.ActiveCfg = Debug|Any CPU
		{AAFF3B45-D8CE-4A47-A3A1-BAB9B734D379}.Release|Windows-AnyCPU.ActiveCfg = Debug|Any CPU
		{AAFF3B45-D8CE-4A47-A3A1-BAB9B734D379}.Release|Windows-ARM.ActiveCfg = Debug|Any CPU
		{AAFF3B45-D8CE-4A47-A3A1-BAB9B734D379}.Release|Windows-x64.ActiveCfg = Debug|Any CPU
		{AAFF3B45-D8CE-4A47-A3A1-BAB9B734D379}.Release|Windows-x86.ActiveCfg = Debug|Any CPU
		{C15406CF-C211-4B2A-A460-F86F61D8E191}.Debug|Android.ActiveCfg = Debug|Any CPU
		{C15406CF-C211-4B2A-A460-F86F61D8E191}.Debug|Any CPU.ActiveCfg = Debug|Any CPU
		{C15406CF-C211-4B2A-A460-F86F61D8E191}.Debug|Any CPU.Build.0 = Debug|Any CPU
		{C15406CF-C211-4B2A-A460-F86F61D8E191}.Debug|iOS.ActiveCfg = Debug|Any CPU
		{C15406CF-C211-4B2A-A460-F86F61D8E191}.Debug|Mixed Platforms.ActiveCfg = Debug|Any CPU
		{C15406CF-C211-4B2A-A460-F86F61D8E191}.Debug|Mixed Platforms.Build.0 = Debug|Any CPU
		{C15406CF-C211-4B2A-A460-F86F61D8E191}.Debug|Windows Phone.ActiveCfg = Debug|Any CPU
		{C15406CF-C211-4B2A-A460-F86F61D8E191}.Debug|Windows-AnyCPU.ActiveCfg = Debug|Any CPU
		{C15406CF-C211-4B2A-A460-F86F61D8E191}.Debug|Windows-ARM.ActiveCfg = Debug|Any CPU
		{C15406CF-C211-4B2A-A460-F86F61D8E191}.Debug|Windows-x64.ActiveCfg = Debug|Any CPU
		{C15406CF-C211-4B2A-A460-F86F61D8E191}.Debug|Windows-x86.ActiveCfg = Debug|Any CPU
		{C15406CF-C211-4B2A-A460-F86F61D8E191}.Distribution|Android.ActiveCfg = Debug|Any CPU
		{C15406CF-C211-4B2A-A460-F86F61D8E191}.Distribution|Any CPU.ActiveCfg = Debug|Any CPU
		{C15406CF-C211-4B2A-A460-F86F61D8E191}.Distribution|Any CPU.Build.0 = Debug|Any CPU
		{C15406CF-C211-4B2A-A460-F86F61D8E191}.Distribution|iOS.ActiveCfg = Debug|Any CPU
		{C15406CF-C211-4B2A-A460-F86F61D8E191}.Distribution|Mixed Platforms.ActiveCfg = Debug|Any CPU
		{C15406CF-C211-4B2A-A460-F86F61D8E191}.Distribution|Mixed Platforms.Build.0 = Debug|Any CPU
		{C15406CF-C211-4B2A-A460-F86F61D8E191}.Distribution|Windows Phone.ActiveCfg = Debug|Any CPU
		{C15406CF-C211-4B2A-A460-F86F61D8E191}.Distribution|Windows-AnyCPU.ActiveCfg = Debug|Any CPU
		{C15406CF-C211-4B2A-A460-F86F61D8E191}.Distribution|Windows-ARM.ActiveCfg = Debug|Any CPU
		{C15406CF-C211-4B2A-A460-F86F61D8E191}.Distribution|Windows-x64.ActiveCfg = Debug|Any CPU
		{C15406CF-C211-4B2A-A460-F86F61D8E191}.Distribution|Windows-x86.ActiveCfg = Debug|Any CPU
		{C15406CF-C211-4B2A-A460-F86F61D8E191}.Release|Android.ActiveCfg = Debug|Any CPU
		{C15406CF-C211-4B2A-A460-F86F61D8E191}.Release|Any CPU.ActiveCfg = Debug|Any CPU
		{C15406CF-C211-4B2A-A460-F86F61D8E191}.Release|Any CPU.Build.0 = Debug|Any CPU
		{C15406CF-C211-4B2A-A460-F86F61D8E191}.Release|iOS.ActiveCfg = Debug|Any CPU
		{C15406CF-C211-4B2A-A460-F86F61D8E191}.Release|Mixed Platforms.ActiveCfg = Debug|Any CPU
		{C15406CF-C211-4B2A-A460-F86F61D8E191}.Release|Mixed Platforms.Build.0 = Debug|Any CPU
		{C15406CF-C211-4B2A-A460-F86F61D8E191}.Release|Windows Phone.ActiveCfg = Debug|Any CPU
		{C15406CF-C211-4B2A-A460-F86F61D8E191}.Release|Windows-AnyCPU.ActiveCfg = Debug|Any CPU
		{C15406CF-C211-4B2A-A460-F86F61D8E191}.Release|Windows-ARM.ActiveCfg = Debug|Any CPU
		{C15406CF-C211-4B2A-A460-F86F61D8E191}.Release|Windows-x64.ActiveCfg = Debug|Any CPU
		{C15406CF-C211-4B2A-A460-F86F61D8E191}.Release|Windows-x86.ActiveCfg = Debug|Any CPU
	EndGlobalSection
	GlobalSection(SolutionProperties) = preSolution
		HideSolutionNode = FALSE
	EndGlobalSection
EndGlobal
